{
  "version": 1,
  "dependencies": {
    "net8.0": {
      "InfluxDB.Client": {
        "type": "Direct",
        "requested": "[5.1.0, )",
        "resolved": "5.1.0",
        "contentHash": "zzV0llm3tgB/wiMi/YP4BKtqya3i2o0CMNu3M0S7Lvne5XIy/3Vygo/Bq9np4OO08ShVsZHC3hBWpLMSOvPf3g==",
        "dependencies": {
          "InfluxDB.Client.Core": "5.1.0",
          "JsonSubTypes": "2.0.1",
          "Microsoft.Extensions.ObjectPool": "10.0.8",
          "Microsoft.Net.Http.Headers": "2.3.10",
          "System.Collections.Immutable": "10.0.8",
          "System.Configuration.ConfigurationManager": "10.0.8",
          "System.Reactive": "6.0.1"
        }
      },
      "CsvHelper": {
        "type": "Transitive",
        "resolved": "33.1.0",
        "contentHash": "kqfTOZGrn7NarNeXgjh86JcpTHUoeQDMB8t9NVa/ZtlSYiV1rxfRnQ49WaJsob4AiGrbK0XDzpyKkBwai4F8eg=="
      },
      "InfluxDB.Client.Core": {
        "type": "Transitive",
        "resolved": "5.1.0",
        "contentHash": "u61kovnqoyb4j74xygf7gzYRAgLrP5sLar52BUXKxZqR+aJBgg3M4WauwNSIrerMguRM3rdl7Wats9Mzqfa/bA==",
        "dependencies": {
          "CsvHelper": "33.1.0",
          "Newtonsoft.Json": "13.0.4",
          "NodaTime": "3.3.2",
          "NodaTime.Serialization.JsonNet": "3.1.0",
          "RestSharp": "113.1.0"
        }
      },
      "JsonSubTypes": {
        "type": "Transitive",
        "resolved": "2.0.1",
        "contentHash": "1Po+Ypf0SjCeEKx5+C89Nb5OgTcqNvfS3uTI46MUM+KEp6Rq/M0h+vVsTUt/6DFRwZMTpsAJM4yJrZmEObVANA==",
        "dependencies": {
          "Newtonsoft.Json": "13.0.1"
        }
      },
      "Microsoft.Extensions.ObjectPool": {
        "type": "Transitive",
        "resolved": "10.0.8",
        "contentHash": "aQBFbY8i/dacE0fP+ZJ8Lhx/unYRnGHhtM+tHb46GLkeNjBdOzgFk88sX6BVZBhoa6JrYIOBGYTc5K4WItBsag=="
      },
      "Microsoft.Extensions.Primitives": {
        "type": "Transitive",
        "resolved": "8.0.0",
        "contentHash": "bXJEZrW9ny8vjMF1JV253WeLhpEVzFo1lyaZu1vQ4ZxWUlVvknZ/+ftFgVheLubb4eZPSwwxBeqS1JkCOjxd8g=="
      },
      "Microsoft.Net.Http.Headers": {
        "type": "Transitive",
        "resolved": "2.3.10",
        "contentHash": "WjHfw2Esfhd8RcdVNM61gS5z6wGGA5rtPIPJTjSe9Y/k8aarXxHWQhOfMqFa+wE/quTUrgs9h+dddyEDsTN/IA==",
        "dependencies": {
          "Microsoft.Extensions.Primitives": "8.0.0",
          "System.Buffers": "4.6.0"
        }
      },
      "Newtonsoft.Json": {
        "type": "Transitive",
        "resolved": "13.0.4",
        "contentHash": "pdgNNMai3zv51W5aq268sujXUyx7SNdE2bj1wZcWjAQrKMFZV260lbqYop1d2GM67JI1huLRwxo9ZqnfF/lC6A=="
      },
      "NodaTime": {
        "type": "Transitive",
        "resolved": "3.3.2",
        "contentHash": "8hI5b1ENTKQCaPyU6YHpYiMwj5aJKZ4Mnv0bLbhk65Dd44gQsXenUohMzyiIphANa8LdW6vcOvpY/l1urvx4dw=="
      },
      "NodaTime.Serialization.JsonNet": {
        "type": "Transitive",
        "resolved": "3.1.0",
        "contentHash": "eEr9lXUz50TYr4rpeJG4TDAABkpxjIKr5mDSi/Zav8d6Njy6fH7x4ZtNwWFj0Vd+vIvEZNrHFQ4Gfy8j4BqRGg==",
        "dependencies": {
          "Newtonsoft.Json": "13.0.3",
          "NodaTime": "[3.0.0, 4.0.0)"
        }
      },
      "RestSharp": {
        "type": "Transitive",
        "resolved": "113.1.0",
        "contentHash": "poNb3XPzF0Rxp+XW9e7U+TZOIjABkGEYd0cGuNIstcRZTU8ES6+7tpbZ55+0XpxwnxxU8nSAZ89p6WUKI+Cg+A=="
      },
      "System.Buffers": {
        "type": "Transitive",
        "resolved": "4.6.0",
        "contentHash": "lN6tZi7Q46zFzAbRYXTIvfXcyvQQgxnY7Xm6C6xQ9784dEL1amjM6S6Iw4ZpsvesAKnRVsM4scrDQaDqSClkjA=="
      },
      "System.Collections.Immutable": {
        "type": "Transitive",
        "resolved": "10.0.8",
        "contentHash": "rvMGYko6bcE/ZTpj1Q/EM22rcZNiQyjH+71capjjfmqG+DDncVE4kSaE5ysCv2vEFIHt8+zALWYXgIETFvcFzw=="
      },
      "System.Configuration.ConfigurationManager": {
        "type": "Transitive",
        "resolved": "10.0.8",
        "contentHash": "QG+HHwJjLyUiRuA9axr5pDqHAxboo7FXCTRakxMABE9CUAUij/tsd/MsgQPJUEppkf+YBLT+F/P/wKIVCAIcNg==",
        "dependencies": {
          "System.Diagnostics.EventLog": "10.0.8",
          "System.Security.Cryptography.ProtectedData": "10.0.8"
        }
      },
      "System.Diagnostics.EventLog": {
        "type": "Transitive",
        "resolved": "10.0.8",
        "contentHash": "+Ro7WgIom+BDNH+YhTuZKL6QJ0ctfOpTyfUG/h3aU5KwXt3OaNf0wYWrTvoBUj+34Dy5V8dN9yCco1hAJQ4txw=="
      },
      "System.Reactive": {
        "type": "Transitive",
        "resolved": "6.0.1",
        "contentHash": "rHaWtKDwCi9qJ3ObKo8LHPMuuwv33YbmQi7TcUK1C264V3MFnOr5Im7QgCTdLniztP3GJyeiSg5x8NqYJFqRmg=="
      },
      "System.Security.Cryptography.ProtectedData": {
        "type": "Transitive",
        "resolved": "10.0.8",
        "contentHash": "/ldVgSfImIBp6fLWS7sLH0BnmtFj0ZwGlZo4Xx2q0K3ZhJNDbW45kj2f6zPoC+L+BTINuHdMzTsopuwmkbgcNA=="
      },
      "roblox.logging": {
        "type": "Project"
      }
    }
  }
}