{
  "version": 1,
  "dependencies": {
    "net8.0": {
      "NetVips": {
        "type": "Direct",
        "requested": "[3.2.0, )",
        "resolved": "3.2.0",
        "contentHash": "ixVatHjsFBBvtKXYwH8jz8nF6OQIhl2e/P0N8ByGaZrlPu9VvcVQxX9zBQ13L8fUpMzKv1WXUybqW8wXZdFsCg=="
      },
      "NetVips.Native.linux-x64": {
        "type": "Direct",
        "requested": "[8.18.3, )",
        "resolved": "8.18.3",
        "contentHash": "D2gyIeWIX7232DDGskd6Ek8+ioFly1/RYSQUeuTnpJdEH2NFqEyio2gTkIlpmfh1OVT14g0XC2tjnPltK6vk+g=="
      },
      "NetVips.Native.win-x64": {
        "type": "Direct",
        "requested": "[8.18.3, )",
        "resolved": "8.18.3",
        "contentHash": "i12TaFaoWO86pBTGLJAUBef2Zln/1oTnzgnUmlfpee6nIwJFMdqpnfvs6FIKt+TCieaBfysdVxBmddeUsrM4cw=="
      },
      "roblox.metrics": {
        "type": "Project"
      },
      "roblox.rendering.contracts": {
        "type": "Project"
      }
    }
  }
}